lockfileVersion: '9.0'

settings:
  autoInstallPeers: true
  excludeLinksFromLockfile: false

importers:

  .:
    dependencies:
      react:
        specifier: ^19.2.8
        version: 19.2.8
      react-dom:
        specifier: ^19.2.8
        version: 19.2.8(react@19.2.8)
    devDependencies:
      '@types/react':
        specifier: ^19.2.18
        version: 19.2.18
      '@types/react-dom':
        specifier: ^19.2.4
        version: 19.2.7(@types/react@19.2.18)
      '@vitejs/plugin-react':
        specifier: ^6.1.0
        version: 6.1.1(vite@8.2.2)
      oxlint:
        specifier: ^1.79.0
        version: 1.81.0
      vite:
        specifier: ^8.2.2
        version: 8.2.2

packages:

  '@oxc-project/types@0.148.0':
    resolution: {integrity: sha1-gR0Yii4a81eERhuKBJDhOj12g3w=, tarball: http://r.npm.sankuai.com/@oxc-project/types/download/@oxc-project/types-0.148.0.tgz}

  '@oxlint/binding-android-arm-eabi@1.81.0':
    resolution: {integrity: sha1-hqAwVIDmgEMUKcglnFcBrFWS5Kc=, tarball: http://r.npm.sankuai.com/@oxlint/binding-android-arm-eabi/download/@oxlint/binding-android-arm-eabi-1.81.0.tgz}
    engines: {node: ^20.19.0 || >=22.12.0}
    cpu: [arm]
    os: [android]

  '@oxlint/binding-android-arm64@1.81.0':
    resolution: {integrity: sha1-26UcsqEljzfqyhWk501dbuGfI4w=, tarball: http://r.npm.sankuai.com/@oxlint/binding-android-arm64/download/@oxlint/binding-android-arm64-1.81.0.tgz}
    engines: {node: ^20.19.0 || >=22.12.0}
    cpu: [arm64]
    os: [android]

  '@oxlint/binding-darwin-arm64@1.81.0':
    resolution: {integrity: sha1-84SuHt3TmUKSgfiKAHNynih+wLE=, tarball: http://r.npm.sankuai.com/@oxlint/binding-darwin-arm64/download/@oxlint/binding-darwin-arm64-1.81.0.tgz}
    engines: {node: ^20.19.0 || >=22.12.0}
    cpu: [arm64]
    os: [darwin]

  '@oxlint/binding-darwin-x64@1.81.0':
    resolution: {integrity: sha1-cWfjtMGIUvzR3a3lNtIy1z1V0ww=, tarball: http://r.npm.sankuai.com/@oxlint/binding-darwin-x64/download/@oxlint/binding-darwin-x64-1.81.0.tgz}
    engines: {node: ^20.19.0 || >=22.12.0}
    cpu: [x64]
    os: [darwin]

  '@oxlint/binding-freebsd-x64@1.81.0':
    resolution: {integrity: sha1-ZPIwdlNDv+fiKAsHG7GRu2ZjA6w=, tarball: http://r.npm.sankuai.com/@oxlint/binding-freebsd-x64/download/@oxlint/binding-freebsd-x64-1.81.0.tgz}
    engines: {node: ^20.19.0 || >=22.12.0}
    cpu: [x64]
    os: [freebsd]

  '@oxlint/binding-linux-arm-gnueabihf@1.81.0':
    resolution: {integrity: sha1-UJXwIaKACRRvdTanzNUYzfy/w78=, tarball: http://r.npm.sankuai.com/@oxlint/binding-linux-arm-gnueabihf/download/@oxlint/binding-linux-arm-gnueabihf-1.81.0.tgz}
    engines: {node: ^20.19.0 || >=22.12.0}
    cpu: [arm]
    os: [linux]

  '@oxlint/binding-linux-arm-musleabihf@1.81.0':
    resolution: {integrity: sha1-2JTc+2+xuLIkt55s4HsXQD9BN0k=, tarball: http://r.npm.sankuai.com/@oxlint/binding-linux-arm-musleabihf/download/@oxlint/binding-linux-arm-musleabihf-1.81.0.tgz}
    engines: {node: ^20.19.0 || >=22.12.0}
    cpu: [arm]
    os: [linux]

  '@oxlint/binding-linux-arm64-musl@1.81.0':
    resolution: {integrity: sha1-KqUhTrWwMuj3fZSifJvT9tvERvM=, tarball: http://r.npm.sankuai.com/@oxlint/binding-linux-arm64-musl/download/@oxlint/binding-linux-arm64-musl-1.81.0.tgz}
    engines: {node: ^20.19.0 || >=22.12.0}
    cpu: [arm64]
    os: [linux]
    libc: [musl]

  '@oxlint/binding-linux-ppc64-gnu@1.81.0':
    resolution: {integrity: sha1-oK8a9v0wkhRVXzO0+gQy8+xF8kI=, tarball: http://r.npm.sankuai.com/@oxlint/binding-linux-ppc64-gnu/download/@oxlint/binding-linux-ppc64-gnu-1.81.0.tgz}
    engines: {node: ^20.19.0 || >=22.12.0}
    cpu: [ppc64]
    os: [linux]
    libc: [glibc]

  '@oxlint/binding-linux-riscv64-gnu@1.81.0':
    resolution: {integrity: sha1-YEE6M1pj4JEaYl0EdpDkHAPyqDM=, tarball: http://r.npm.sankuai.com/@oxlint/binding-linux-riscv64-gnu/download/@oxlint/binding-linux-riscv64-gnu-1.81.0.tgz}
    engines: {node: ^20.19.0 || >=22.12.0}
    cpu: [riscv64]
    os: [linux]
    libc: [glibc]

  '@oxlint/binding-linux-riscv64-musl@1.81.0':
    resolution: {integrity: sha1-Xx3XvCvb6S+lRU3wge6R+ixJmUg=, tarball: http://r.npm.sankuai.com/@oxlint/binding-linux-riscv64-musl/download/@oxlint/binding-linux-riscv64-musl-1.81.0.tgz}
    engines: {node: ^20.19.0 || >=22.12.0}
    cpu: [riscv64]
    os: [linux]
    libc: [musl]

  '@oxlint/binding-linux-s390x-gnu@1.81.0':
    resolution: {integrity: sha1-gwxb3RRa05ybU3HjIU0Kn5wfRrE=, tarball: http://r.npm.sankuai.com/@oxlint/binding-linux-s390x-gnu/download/@oxlint/binding-linux-s390x-gnu-1.81.0.tgz}
    engines: {node: ^20.19.0 || >=22.12.0}
    cpu: [s390x]
    os: [linux]
    libc: [glibc]

  '@oxlint/binding-linux-x64-gnu@1.81.0':
    resolution: {integrity: sha1-f3LqPJrnCnbBqS5WpXVYafM151Y=, tarball: http://r.npm.sankuai.com/@oxlint/binding-linux-x64-gnu/download/@oxlint/binding-linux-x64-gnu-1.81.0.tgz}
    engines: {node: ^20.19.0 || >=22.12.0}
    cpu: [x64]
    os: [linux]
    libc: [glibc]

  '@oxlint/binding-linux-x64-musl@1.81.0':
    resolution: {integrity: sha1-dY/W6mkSPG9MG6Fgv8KPa4RUjBE=, tarball: http://r.npm.sankuai.com/@oxlint/binding-linux-x64-musl/download/@oxlint/binding-linux-x64-musl-1.81.0.tgz}
    engines: {node: ^20.19.0 || >=22.12.0}
    cpu: [x64]
    os: [linux]
    libc: [musl]

  '@oxlint/binding-openharmony-arm64@1.81.0':
    resolution: {integrity: sha1-5JK3oYdbcOpV/+E/aF1DAuaxkA4=, tarball: http://r.npm.sankuai.com/@oxlint/binding-openharmony-arm64/download/@oxlint/binding-openharmony-arm64-1.81.0.tgz}
    engines: {node: ^20.19.0 || >=22.12.0}
    cpu: [arm64]
    os: [openharmony]

  '@oxlint/binding-win32-arm64-msvc@1.81.0':
    resolution: {integrity: sha1-kkf9wbTIbsxxh0fF+MaJApaWd9E=, tarball: http://r.npm.sankuai.com/@oxlint/binding-win32-arm64-msvc/download/@oxlint/binding-win32-arm64-msvc-1.81.0.tgz}
    engines: {node: ^20.19.0 || >=22.12.0}
    cpu: [arm64]
    os: [win32]

  '@oxlint/binding-win32-ia32-msvc@1.81.0':
    resolution: {integrity: sha1-36Tu14YSxfTfeI6wVv1dGwWnW7E=, tarball: http://r.npm.sankuai.com/@oxlint/binding-win32-ia32-msvc/download/@oxlint/binding-win32-ia32-msvc-1.81.0.tgz}
    engines: {node: ^20.19.0 || >=22.12.0}
    cpu: [ia32]
    os: [win32]

  '@oxlint/binding-win32-x64-msvc@1.81.0':
    resolution: {integrity: sha1-J6R0zCiOR6DlwtnJIr7mTeDP1hQ=, tarball: http://r.npm.sankuai.com/@oxlint/binding-win32-x64-msvc/download/@oxlint/binding-win32-x64-msvc-1.81.0.tgz}
    engines: {node: ^20.19.0 || >=22.12.0}
    cpu: [x64]
    os: [win32]

  '@rolldown/binding-android-arm-eabi@1.2.7':
    resolution: {integrity: sha512-EypzgnYCwyVY4NDHKzGmNJT5b+XaQEBniHxsMdeIQLB/tcCzZnhqrzHpZFbX9iaxx+5RiB8caATBtfvZP7zVxQ==, tarball: https://registry.npmjs.org/@rolldown/binding-android-arm-eabi/-/binding-android-arm-eabi-1.2.7.tgz}
    engines: {node: ^20.19.0 || >=22.12.0}
    cpu: [arm]
    os: [android]

  '@rolldown/binding-android-arm64@1.2.7':
    resolution: {integrity: sha1-u8Wl453qocylZY0HO4x0uc7jKeg=, tarball: http://r.npm.sankuai.com/@rolldown/binding-android-arm64/download/@rolldown/binding-android-arm64-1.2.7.tgz}
    engines: {node: ^20.19.0 || >=22.12.0}
    cpu: [arm64]
    os: [android]

  '@rolldown/binding-darwin-arm64@1.2.7':
    resolution: {integrity: sha1-/zhYUx3yWSARxeoZ57q63yKgNvo=, tarball: http://r.npm.sankuai.com/@rolldown/binding-darwin-arm64/download/@rolldown/binding-darwin-arm64-1.2.7.tgz}
    engines: {node: ^20.19.0 || >=22.12.0}
    cpu: [arm64]
    os: [darwin]

  '@rolldown/binding-darwin-x64@1.2.7':
    resolution: {integrity: sha1-e+SAxg36IwSG6E7EMYSAP34XK64=, tarball: http://r.npm.sankuai.com/@rolldown/binding-darwin-x64/download/@rolldown/binding-darwin-x64-1.2.7.tgz}
    engines: {node: ^20.19.0 || >=22.12.0}
    cpu: [x64]
    os: [darwin]

  '@rolldown/binding-linux-arm-gnueabihf@1.2.7':
    resolution: {integrity: sha1-JIBrXKSeztMdioyYv9eHWULwj8Q=, tarball: http://r.npm.sankuai.com/@rolldown/binding-linux-arm-gnueabihf/download/@rolldown/binding-linux-arm-gnueabihf-1.2.7.tgz}
    engines: {node: ^20.19.0 || >=22.12.0}
    cpu: [arm]
    os: [linux]

  '@rolldown/binding-linux-arm64-gnu@1.2.7':
    resolution: {integrity: sha1-fnPEJRiHECpGX3lAu0DNtsjyMVw=, tarball: http://r.npm.sankuai.com/@rolldown/binding-linux-arm64-gnu/download/@rolldown/binding-linux-arm64-gnu-1.2.7.tgz}
    engines: {node: ^20.19.0 || >=22.12.0}
    cpu: [arm64]
    os: [linux]
    libc: [glibc]

  '@rolldown/binding-linux-arm64-musl@1.2.7':
    resolution: {integrity: sha1-9y8sqZR5Fq5o/XkLNtsXdsYbnF0=, tarball: http://r.npm.sankuai.com/@rolldown/binding-linux-arm64-musl/download/@rolldown/binding-linux-arm64-musl-1.2.7.tgz}
    engines: {node: ^20.19.0 || >=22.12.0}
    cpu: [arm64]
    os: [linux]
    libc: [musl]

  '@rolldown/binding-linux-ppc64-gnu@1.2.7':
    resolution: {integrity: sha1-KmvIYlTp9ABHavfUlxuMvFMr7R0=, tarball: http://r.npm.sankuai.com/@rolldown/binding-linux-ppc64-gnu/download/@rolldown/binding-linux-ppc64-gnu-1.2.7.tgz}
    engines: {node: ^20.19.0 || >=22.12.0}
    cpu: [ppc64]
    os: [linux]
    libc: [glibc]

  '@rolldown/binding-linux-s390x-gnu@1.2.7':
    resolution: {integrity: sha1-B4iLk2r6kzb96su7K/vxSOMPZO8=, tarball: http://r.npm.sankuai.com/@rolldown/binding-linux-s390x-gnu/download/@rolldown/binding-linux-s390x-gnu-1.2.7.tgz}
    engines: {node: ^20.19.0 || >=22.12.0}
    cpu: [s390x]
    os: [linux]
    libc: [glibc]

  '@rolldown/binding-linux-x64-gnu@1.2.7':
    resolution: {integrity: sha1-xqOBHJoJMj9evS1Pu3lGUJjhhFk=, tarball: http://r.npm.sankuai.com/@rolldown/binding-linux-x64-gnu/download/@rolldown/binding-linux-x64-gnu-1.2.7.tgz}
    engines: {node: ^20.19.0 || >=22.12.0}
    cpu: [x64]
    os: [linux]
    libc: [glibc]

  '@rolldown/binding-linux-x64-musl@1.2.7':
    resolution: {integrity: sha1-7xYob50sCRJj5lFC0fYgSrb8Sjo=, tarball: http://r.npm.sankuai.com/@rolldown/binding-linux-x64-musl/download/@rolldown/binding-linux-x64-musl-1.2.7.tgz}
    engines: {node: ^20.19.0 || >=22.12.0}
    cpu: [x64]
    os: [linux]
    libc: [musl]

  '@rolldown/binding-openharmony-arm64@1.2.7':
    resolution: {integrity: sha1-6FwfbP7QH7+eOxbFFZ4yVItZqW0=, tarball: http://r.npm.sankuai.com/@rolldown/binding-openharmony-arm64/download/@rolldown/binding-openharmony-arm64-1.2.7.tgz}
    engines: {node: ^20.19.0 || >=22.12.0}
    cpu: [arm64]
    os: [openharmony]

  '@rolldown/binding-win32-arm64-msvc@1.2.7':
    resolution: {integrity: sha1-gzVG+LBJBNFFPr2vge+GcflaySY=, tarball: http://r.npm.sankuai.com/@rolldown/binding-win32-arm64-msvc/download/@rolldown/binding-win32-arm64-msvc-1.2.7.tgz}
    engines: {node: ^20.19.0 || >=22.12.0}
    cpu: [arm64]
    os: [win32]

  '@rolldown/binding-win32-x64-msvc@1.2.7':
    resolution: {integrity: sha1-lhhhBQCMY/1Sssqe1e9edPr1kH8=, tarball: http://r.npm.sankuai.com/@rolldown/binding-win32-x64-msvc/download/@rolldown/binding-win32-x64-msvc-1.2.7.tgz}
    engines: {node: ^20.19.0 || >=22.12.0}
    cpu: [x64]
    os: [win32]

  '@rolldown/pluginutils@1.0.1':
    resolution: {integrity: sha1-4/zuCT+7XOdl4a0Ij/TeKIn2+b4=, tarball: http://r.npm.sankuai.com/@rolldown/pluginutils/download/@rolldown/pluginutils-1.0.1.tgz}

  '@types/react-dom@19.2.7':
    resolution: {integrity: sha1-66ePxiAeVkmG7EDVbIbIQ0WTys4=, tarball: http://r.npm.sankuai.com/@types/react-dom/download/@types/react-dom-19.2.7.tgz}
    peerDependencies:
      '@types/react': ^19.2.0

  '@types/react@19.2.18':
    resolution: {integrity: sha1-6wtqH7Y10alpLV+Eo0lb2K0VNwc=, tarball: http://r.npm.sankuai.com/@types/react/download/@types/react-19.2.18.tgz}

  '@vitejs/plugin-react@6.1.1':
    resolution: {integrity: sha1-R/oaL5VuiOr3eOv2Xdzo4rNll+c=, tarball: http://r.npm.sankuai.com/@vitejs/plugin-react/download/@vitejs/plugin-react-6.1.1.tgz}
    engines: {node: ^20.19.0 || >=22.12.0}
    peerDependencies:
      '@rolldown/plugin-babel': ^0.1.7 || ^0.2.0
      babel-plugin-react-compiler: ^1.0.0
      oxc-transform-react: ^0.145.0
      vite: ^8.0.0
    peerDependenciesMeta:
      '@rolldown/plugin-babel':
        optional: true
      babel-plugin-react-compiler:
        optional: true
      oxc-transform-react:
        optional: true

  csstype@3.2.3:
    resolution: {integrity: sha1-7EjA8+mT5QZIyG2lWeJhCZXPmJo=, tarball: http://r.npm.sankuai.com/csstype/download/csstype-3.2.3.tgz}

  detect-libc@2.1.2:
    resolution: {integrity: sha1-aJxdzcGQDvVYOky59te0c3QgdK0=, tarball: http://r.npm.sankuai.com/detect-libc/download/detect-libc-2.1.2.tgz}
    engines: {node: '>=8'}

  fdir@6.5.0:
    resolution: {integrity: sha1-7Sq5Z6MxreYvGNB32uGSaE1Q01A=, tarball: http://r.npm.sankuai.com/fdir/download/fdir-6.5.0.tgz}
    engines: {node: '>=12.0.0'}
    peerDependencies:
      picomatch: ^3 || ^4
    peerDependenciesMeta:
      picomatch:
        optional: true

  fsevents@2.3.3:
    resolution: {integrity: sha1-ysZAd4XQNnWipeGlMFxpezR9kNY=, tarball: http://r.npm.sankuai.com/fsevents/download/fsevents-2.3.3.tgz}
    engines: {node: ^8.16.0 || ^10.6.0 || >=11.0.0}
    os: [darwin]

  lightningcss-android-arm64@1.33.0:
    resolution: {integrity: sha1-mmhB+IrlD8g1ApA4krQa9BvCuQc=, tarball: http://r.npm.sankuai.com/lightningcss-android-arm64/download/lightningcss-android-arm64-1.33.0.tgz}
    engines: {node: '>= 12.0.0'}
    cpu: [arm64]
    os: [android]

  lightningcss-darwin-arm64@1.33.0:
    resolution: {integrity: sha1-wPLDHAv9GfpN0/GOlXofGhUgl9Y=, tarball: http://r.npm.sankuai.com/lightningcss-darwin-arm64/download/lightningcss-darwin-arm64-1.33.0.tgz}
    engines: {node: '>= 12.0.0'}
    cpu: [arm64]
    os: [darwin]

  lightningcss-darwin-x64@1.33.0:
    resolution: {integrity: sha1-ywcFllrLU4xmg5Sc5pJfs833w2E=, tarball: http://r.npm.sankuai.com/lightningcss-darwin-x64/download/lightningcss-darwin-x64-1.33.0.tgz}
    engines: {node: '>= 12.0.0'}
    cpu: [x64]
    os: [darwin]

  lightningcss-freebsd-x64@1.33.0:
    resolution: {integrity: sha1-djU4gosmurJoDa2vzITueLDrUCs=, tarball: http://r.npm.sankuai.com/lightningcss-freebsd-x64/download/lightningcss-freebsd-x64-1.33.0.tgz}
    engines: {node: '>= 12.0.0'}
    cpu: [x64]
    os: [freebsd]

  lightningcss-linux-arm-gnueabihf@1.33.0:
    resolution: {integrity: sha1-aGLjF2ozGu297B7TUrTX0N0HhN4=, tarball: http://r.npm.sankuai.com/lightningcss-linux-arm-gnueabihf/download/lightningcss-linux-arm-gnueabihf-1.33.0.tgz}
    engines: {node: '>= 12.0.0'}
    cpu: [arm]
    os: [linux]

  lightningcss-linux-arm64-gnu@1.33.0:
    resolution: {integrity: sha1-xqOi7RUUHa9r3CYokw+OOb30c6o=, tarball: http://r.npm.sankuai.com/lightningcss-linux-arm64-gnu/download/lightningcss-linux-arm64-gnu-1.33.0.tgz}
    engines: {node: '>= 12.0.0'}
    cpu: [arm64]
    os: [linux]
    libc: [glibc]

  lightningcss-linux-arm64-musl@1.33.0:
    resolution: {integrity: sha1-f6EzSXH8goRfmCffbvigsgkUusY=, tarball: http://r.npm.sankuai.com/lightningcss-linux-arm64-musl/download/lightningcss-linux-arm64-musl-1.33.0.tgz}
    engines: {node: '>= 12.0.0'}
    cpu: [arm64]
    os: [linux]
    libc: [musl]

  lightningcss-linux-x64-gnu@1.33.0:
    resolution: {integrity: sha1-i5J4YuqMK7xoMaRlCSRLUNmTblU=, tarball: http://r.npm.sankuai.com/lightningcss-linux-x64-gnu/download/lightningcss-linux-x64-gnu-1.33.0.tgz}
    engines: {node: '>= 12.0.0'}
    cpu: [x64]
    os: [linux]
    libc: [glibc]

  lightningcss-linux-x64-musl@1.33.0:
    resolution: {integrity: sha1-DFJbsHff2UQEwFnP5C2teX6Wrq8=, tarball: http://r.npm.sankuai.com/lightningcss-linux-x64-musl/download/lightningcss-linux-x64-musl-1.33.0.tgz}
    engines: {node: '>= 12.0.0'}
    cpu: [x64]
    os: [linux]
    libc: [musl]

  lightningcss-win32-arm64-msvc@1.33.0:
    resolution: {integrity: sha1-hQ7hED2smJz6tQ46wi0aaeOU5j0=, tarball: http://r.npm.sankuai.com/lightningcss-win32-arm64-msvc/download/lightningcss-win32-arm64-msvc-1.33.0.tgz}
    engines: {node: '>= 12.0.0'}
    cpu: [arm64]
    os: [win32]

  lightningcss-win32-x64-msvc@1.33.0:
    resolution: {integrity: sha1-40OuFS7tNgncbhGUnRo785oclG8=, tarball: http://r.npm.sankuai.com/lightningcss-win32-x64-msvc/download/lightningcss-win32-x64-msvc-1.33.0.tgz}
    engines: {node: '>= 12.0.0'}
    cpu: [x64]
    os: [win32]

  lightningcss@1.33.0:
    resolution: {integrity: sha1-wIhn1xp5OFxuGQIU/XL+8+X5Xws=, tarball: http://r.npm.sankuai.com/lightningcss/download/lightningcss-1.33.0.tgz}
    engines: {node: '>= 12.0.0'}

  nanoid@3.3.18:
    resolution: {integrity: sha1-9mot4Rmf/eD88hyKXxMQaxwIGRM=, tarball: http://r.npm.sankuai.com/nanoid/download/nanoid-3.3.18.tgz}
    engines: {node: ^10 || ^12 || ^13.7 || ^14 || >=15.0.1}
    hasBin: true

  oxlint@1.81.0:
    resolution: {integrity: sha1-eyCtopoXGIPeRRfQQepbBX+0irU=, tarball: http://r.npm.sankuai.com/oxlint/download/oxlint-1.81.0.tgz}
    engines: {node: ^20.19.0 || >=22.12.0}
    hasBin: true
    peerDependencies:
      oxlint-tsgolint: '>=7.0.2001'
      vite-plus: '*'
    peerDependenciesMeta:
      oxlint-tsgolint:
        optional: true
      vite-plus:
        optional: true

  picocolors@1.1.1:
    resolution: {integrity: sha1-PTIa8+q5ObCDyPkpodEs2oHCa2s=, tarball: http://r.npm.sankuai.com/picocolors/download/picocolors-1.1.1.tgz}

  picomatch@4.0.7:
    resolution: {integrity: sha1-YxM2ADTMs2s9xh7L3/eBIfkP4h8=, tarball: http://r.npm.sankuai.com/picomatch/download/picomatch-4.0.7.tgz}
    engines: {node: '>=12'}

  postcss@8.5.28:
    resolution: {integrity: sha1-2kVjqZoG5i1sHNGsrjYyJLyu1uk=, tarball: http://r.npm.sankuai.com/postcss/download/postcss-8.5.28.tgz}
    engines: {node: ^10 || ^12 || >=14}

  react-dom@19.2.8:
    resolution: {integrity: sha1-O0a57tqHfN/yzxPSdw//SuNsLsI=, tarball: http://r.npm.sankuai.com/react-dom/download/react-dom-19.2.8.tgz}
    peerDependencies:
      react: ^19.2.8

  react@19.2.8:
    resolution: {integrity: sha1-qAZj27WNacb+P9KR08syTop9/y0=, tarball: http://r.npm.sankuai.com/react/download/react-19.2.8.tgz}
    engines: {node: '>=0.10.0'}

  rolldown@1.2.7:
    resolution: {integrity: sha1-vPxIQwQxNW+V/fOZ+kBCmOePR0A=, tarball: http://r.npm.sankuai.com/rolldown/download/rolldown-1.2.7.tgz}
    engines: {node: ^20.19.0 || >=22.12.0}
    hasBin: true

  scheduler@0.27.0:
    resolution: {integrity: sha1-DE74LWfR5cHjWej8dtOofwRf5b0=, tarball: http://r.npm.sankuai.com/scheduler/download/scheduler-0.27.0.tgz}

  source-map-js@1.2.1:
    resolution: {integrity: sha1-HOVlD93YerwJnto33P8CTCZnrkY=, tarball: http://r.npm.sankuai.com/source-map-js/download/source-map-js-1.2.1.tgz}
    engines: {node: '>=0.10.0'}

  tinyglobby@0.2.17:
    resolution: {integrity: sha1-ViqabJ6ys7Ej05cZ+a9btE/NdjE=, tarball: http://r.npm.sankuai.com/tinyglobby/download/tinyglobby-0.2.17.tgz}
    engines: {node: '>=12.0.0'}

  vite@8.2.2:
    resolution: {integrity: sha1-OZrvrTZWFFFFvhENE3oH6lu1UBQ=, tarball: http://r.npm.sankuai.com/vite/download/vite-8.2.2.tgz}
    engines: {node: ^20.19.0 || >=22.12.0}
    hasBin: true
    peerDependencies:
      '@types/node': ^20.19.0 || >=22.12.0
      '@vitejs/devtools': ^0.4.0 || ^0.5.0
      esbuild: ^0.27.0 || ^0.28.0
      jiti: '>=1.21.0'
      less: ^4.0.0
      sass: ^1.70.0
      sass-embedded: ^1.70.0
      stylus: '>=0.54.8'
      sugarss: ^5.0.0
      terser: ^5.16.0
      tsx: ^4.8.1
      yaml: ^2.4.2
    peerDependenciesMeta:
      '@types/node':
        optional: true
      '@vitejs/devtools':
        optional: true
      esbuild:
        optional: true
      jiti:
        optional: true
      less:
        optional: true
      sass:
        optional: true
      sass-embedded:
        optional: true
      stylus:
        optional: true
      sugarss:
        optional: true
      terser:
        optional: true
      tsx:
        optional: true
      yaml:
        optional: true

snapshots:

  '@oxc-project/types@0.148.0': {}

  '@oxlint/binding-android-arm-eabi@1.81.0':
    optional: true

  '@oxlint/binding-android-arm64@1.81.0':
    optional: true

  '@oxlint/binding-darwin-arm64@1.81.0':
    optional: true

  '@oxlint/binding-darwin-x64@1.81.0':
    optional: true

  '@oxlint/binding-freebsd-x64@1.81.0':
    optional: true

  '@oxlint/binding-linux-arm-gnueabihf@1.81.0':
    optional: true

  '@oxlint/binding-linux-arm-musleabihf@1.81.0':
    optional: true

  '@oxlint/binding-linux-arm64-musl@1.81.0':
    optional: true

  '@oxlint/binding-linux-ppc64-gnu@1.81.0':
    optional: true

  '@oxlint/binding-linux-riscv64-gnu@1.81.0':
    optional: true

  '@oxlint/binding-linux-riscv64-musl@1.81.0':
    optional: true

  '@oxlint/binding-linux-s390x-gnu@1.81.0':
    optional: true

  '@oxlint/binding-linux-x64-gnu@1.81.0':
    optional: true

  '@oxlint/binding-linux-x64-musl@1.81.0':
    optional: true

  '@oxlint/binding-openharmony-arm64@1.81.0':
    optional: true

  '@oxlint/binding-win32-arm64-msvc@1.81.0':
    optional: true

  '@oxlint/binding-win32-ia32-msvc@1.81.0':
    optional: true

  '@oxlint/binding-win32-x64-msvc@1.81.0':
    optional: true

  '@rolldown/binding-android-arm-eabi@1.2.7':
    optional: true

  '@rolldown/binding-android-arm64@1.2.7':
    optional: true

  '@rolldown/binding-darwin-arm64@1.2.7':
    optional: true

  '@rolldown/binding-darwin-x64@1.2.7':
    optional: true

  '@rolldown/binding-linux-arm-gnueabihf@1.2.7':
    optional: true

  '@rolldown/binding-linux-arm64-gnu@1.2.7':
    optional: true

  '@rolldown/binding-linux-arm64-musl@1.2.7':
    optional: true

  '@rolldown/binding-linux-ppc64-gnu@1.2.7':
    optional: true

  '@rolldown/binding-linux-s390x-gnu@1.2.7':
    optional: true

  '@rolldown/binding-linux-x64-gnu@1.2.7':
    optional: true

  '@rolldown/binding-linux-x64-musl@1.2.7':
    optional: true

  '@rolldown/binding-openharmony-arm64@1.2.7':
    optional: true

  '@rolldown/binding-win32-arm64-msvc@1.2.7':
    optional: true

  '@rolldown/binding-win32-x64-msvc@1.2.7':
    optional: true

  '@rolldown/pluginutils@1.0.1': {}

  '@types/react-dom@19.2.7(@types/react@19.2.18)':
    dependencies:
      '@types/react': 19.2.18

  '@types/react@19.2.18':
    dependencies:
      csstype: 3.2.3

  '@vitejs/plugin-react@6.1.1(vite@8.2.2)':
    dependencies:
      '@rolldown/pluginutils': 1.0.1
      vite: 8.2.2

  csstype@3.2.3: {}

  detect-libc@2.1.2: {}

  fdir@6.5.0(picomatch@4.0.7):
    optionalDependencies:
      picomatch: 4.0.7

  fsevents@2.3.3:
    optional: true

  lightningcss-android-arm64@1.33.0:
    optional: true

  lightningcss-darwin-arm64@1.33.0:
    optional: true

  lightningcss-darwin-x64@1.33.0:
    optional: true

  lightningcss-freebsd-x64@1.33.0:
    optional: true

  lightningcss-linux-arm-gnueabihf@1.33.0:
    optional: true

  lightningcss-linux-arm64-gnu@1.33.0:
    optional: true

  lightningcss-linux-arm64-musl@1.33.0:
    optional: true

  lightningcss-linux-x64-gnu@1.33.0:
    optional: true

  lightningcss-linux-x64-musl@1.33.0:
    optional: true

  lightningcss-win32-arm64-msvc@1.33.0:
    optional: true

  lightningcss-win32-x64-msvc@1.33.0:
    optional: true

  lightningcss@1.33.0:
    dependencies:
      detect-libc: 2.1.2
    optionalDependencies:
      lightningcss-android-arm64: 1.33.0
      lightningcss-darwin-arm64: 1.33.0
      lightningcss-darwin-x64: 1.33.0
      lightningcss-freebsd-x64: 1.33.0
      lightningcss-linux-arm-gnueabihf: 1.33.0
      lightningcss-linux-arm64-gnu: 1.33.0
      lightningcss-linux-arm64-musl: 1.33.0
      lightningcss-linux-x64-gnu: 1.33.0
      lightningcss-linux-x64-musl: 1.33.0
      lightningcss-win32-arm64-msvc: 1.33.0
      lightningcss-win32-x64-msvc: 1.33.0

  nanoid@3.3.18: {}

  oxlint@1.81.0:
    optionalDependencies:
      '@oxlint/binding-android-arm-eabi': 1.81.0
      '@oxlint/binding-android-arm64': 1.81.0
      '@oxlint/binding-darwin-arm64': 1.81.0
      '@oxlint/binding-darwin-x64': 1.81.0
      '@oxlint/binding-freebsd-x64': 1.81.0
      '@oxlint/binding-linux-arm-gnueabihf': 1.81.0
      '@oxlint/binding-linux-arm-musleabihf': 1.81.0
      '@oxlint/binding-linux-arm64-musl': 1.81.0
      '@oxlint/binding-linux-ppc64-gnu': 1.81.0
      '@oxlint/binding-linux-riscv64-gnu': 1.81.0
      '@oxlint/binding-linux-riscv64-musl': 1.81.0
      '@oxlint/binding-linux-s390x-gnu': 1.81.0
      '@oxlint/binding-linux-x64-gnu': 1.81.0
      '@oxlint/binding-linux-x64-musl': 1.81.0
      '@oxlint/binding-openharmony-arm64': 1.81.0
      '@oxlint/binding-win32-arm64-msvc': 1.81.0
      '@oxlint/binding-win32-ia32-msvc': 1.81.0
      '@oxlint/binding-win32-x64-msvc': 1.81.0

  picocolors@1.1.1: {}

  picomatch@4.0.7: {}

  postcss@8.5.28:
    dependencies:
      nanoid: 3.3.18
      picocolors: 1.1.1
      source-map-js: 1.2.1

  react-dom@19.2.8(react@19.2.8):
    dependencies:
      react: 19.2.8
      scheduler: 0.27.0

  react@19.2.8: {}

  rolldown@1.2.7:
    dependencies:
      '@oxc-project/types': 0.148.0
      '@rolldown/pluginutils': 1.0.1
    optionalDependencies:
      '@rolldown/binding-android-arm-eabi': 1.2.7
      '@rolldown/binding-android-arm64': 1.2.7
      '@rolldown/binding-darwin-arm64': 1.2.7
      '@rolldown/binding-darwin-x64': 1.2.7
      '@rolldown/binding-linux-arm-gnueabihf': 1.2.7
      '@rolldown/binding-linux-arm64-gnu': 1.2.7
      '@rolldown/binding-linux-arm64-musl': 1.2.7
      '@rolldown/binding-linux-ppc64-gnu': 1.2.7
      '@rolldown/binding-linux-s390x-gnu': 1.2.7
      '@rolldown/binding-linux-x64-gnu': 1.2.7
      '@rolldown/binding-linux-x64-musl': 1.2.7
      '@rolldown/binding-openharmony-arm64': 1.2.7
      '@rolldown/binding-win32-arm64-msvc': 1.2.7
      '@rolldown/binding-win32-x64-msvc': 1.2.7

  scheduler@0.27.0: {}

  source-map-js@1.2.1: {}

  tinyglobby@0.2.17:
    dependencies:
      fdir: 6.5.0(picomatch@4.0.7)
      picomatch: 4.0.7

  vite@8.2.2:
    dependencies:
      lightningcss: 1.33.0
      picomatch: 4.0.7
      postcss: 8.5.28
      rolldown: 1.2.7
      tinyglobby: 0.2.17
    optionalDependencies:
      fsevents: 2.3.3
